
Microsoft Visual Studio Solution File, Format Version 12.00
# Visual Studio 14
VisualStudioVersion = 14.0.25420.1
MinimumVisualStudioVersion = 10.0.40219.1
Project("{8BC9CEB8-8B4A-11D0-8D11-00A0C91BC942}") = "Client", "Client\Client.vcxproj", "{75A92E83-F7B7-4B7A-809C-42EEAB26B0C5}"
EndProject
Project("{8BC9CEB8-8B4A-11D0-8D11-00A0C91BC942}") = "Gateway", "Gateway\Gateway.vcxproj", "{7F158A80-1A90-40E3-8BF2-A0D3A71705D3}"
EndProject
Project("{8BC9CEB8-8B4A-11D0-8D11-00A0C91BC942}") = "Server", "Server\Server.vcxproj", "{BD0B2507-086F-49F3-826E-334537749C72}"
EndProject
Project("{8BC9CEB8-8B4A-11D0-8D11-00A0C91BC942}") = "ServerConsole", "ServerConsole\ServerConsole.vcxproj", "{1177ADC2-E28E-4D35-BE67-0EC4938AF7AB}"
EndProject
Project("{8BC9CEB8-8B4A-11D0-8D11-00A0C91BC942}") = "GameLibrary", "GameLibrary\GameLibrary.vcxproj", "{C954A29F-8FB0-4A94-ADD5-2104413EE317}"
EndProject
Project("{8BC9CEB8-8B4A-11D0-8D11-00A0C91BC942}") = "tmp", "tmp\tmp.vcxproj", "{F5F0E22D-9DA8-4109-99FF-3400197C2FE7}"
EndProject
Global
	GlobalSection(SolutionConfigurationPlatforms) = preSolution
		Debug|x64 = Debug|x64
		Debug|x86 = Debug|x86
		Release|x64 = Release|x64
		Release|x86 = Release|x86
	EndGlobalSection
	GlobalSection(ProjectConfigurationPlatforms) = postSolution
		{75A92E83-F7B7-4B7A-809C-42EEAB26B0C5}.Debug|x64.ActiveCfg = Debug|x64
		{75A92E83-F7B7-4B7A-809C-42EEAB26B0C5}.Debug|x64.Build.0 = Debug|x64
		{75A92E83-F7B7-4B7A-809C-42EEAB26B0C5}.Debug|x86.ActiveCfg = Debug|Win32
		{75A92E83-F7B7-4B7A-809C-42EEAB26B0C5}.Debug|x86.Build.0 = Debug|Win32
		{75A92E83-F7B7-4B7A-809C-42EEAB26B0C5}.Release|x64.ActiveCfg = Release|x64
		{75A92E83-F7B7-4B7A-809C-42EEAB26B0C5}.Release|x64.Build.0 = Release|x64
		{75A92E83-F7B7-4B7A-809C-42EEAB26B0C5}.Release|x86.ActiveCfg = Release|Win32
		{75A92E83-F7B7-4B7A-809C-42EEAB26B0C5}.Release|x86.Build.0 = Release|Win32
		{7F158A80-1A90-40E3-8BF2-A0D3A71705D3}.Debug|x64.ActiveCfg = Debug|x64
		{7F158A80-1A90-40E3-8BF2-A0D3A71705D3}.Debug|x64.Build.0 = Debug|x64
		{7F158A80-1A90-40E3-8BF2-A0D3A71705D3}.Debug|x86.ActiveCfg = Debug|Win32
		{7F158A80-1A90-40E3-8BF2-A0D3A71705D3}.Debug|x86.Build.0 = Debug|Win32
		{7F158A80-1A90-40E3-8BF2-A0D3A71705D3}.Release|x64.ActiveCfg = Release|x64
		{7F158A80-1A90-40E3-8BF2-A0D3A71705D3}.Release|x64.Build.0 = Release|x64
		{7F158A80-1A90-40E3-8BF2-A0D3A71705D3}.Release|x86.ActiveCfg = Release|Win32
		{7F158A80-1A90-40E3-8BF2-A0D3A71705D3}.Release|x86.Build.0 = Release|Win32
		{BD0B2507-086F-49F3-826E-334537749C72}.Debug|x64.ActiveCfg = Debug|x64
		{BD0B2507-086F-49F3-826E-334537749C72}.Debug|x64.Build.0 = Debug|x64
		{BD0B2507-086F-49F3-826E-334537749C72}.Debug|x86.ActiveCfg = Debug|Win32
		{BD0B2507-086F-49F3-826E-334537749C72}.Debug|x86.Build.0 = Debug|Win32
		{BD0B2507-086F-49F3-826E-334537749C72}.Release|x64.ActiveCfg = Release|x64
		{BD0B2507-086F-49F3-826E-334537749C72}.Release|x64.Build.0 = Release|x64
		{BD0B2507-086F-49F3-826E-334537749C72}.Release|x86.ActiveCfg = Release|Win32
		{BD0B2507-086F-49F3-826E-334537749C72}.Release|x86.Build.0 = Release|Win32
		{1177ADC2-E28E-4D35-BE67-0EC4938AF7AB}.Debug|x64.ActiveCfg = Debug|x64
		{1177ADC2-E28E-4D35-BE67-0EC4938AF7AB}.Debug|x64.Build.0 = Debug|x64
		{1177ADC2-E28E-4D35-BE67-0EC4938AF7AB}.Debug|x86.ActiveCfg = Debug|Win32
		{1177ADC2-E28E-4D35-BE67-0EC4938AF7AB}.Debug|x86.Build.0 = Debug|Win32
		{1177ADC2-E28E-4D35-BE67-0EC4938AF7AB}.Release|x64.ActiveCfg = Release|x64
		{1177ADC2-E28E-4D35-BE67-0EC4938AF7AB}.Release|x64.Build.0 = Release|x64
		{1177ADC2-E28E-4D35-BE67-0EC4938AF7AB}.Release|x86.ActiveCfg = Release|Win32
		{1177ADC2-E28E-4D35-BE67-0EC4938AF7AB}.Release|x86.Build.0 = Release|Win32
		{C954A29F-8FB0-4A94-ADD5-2104413EE317}.Debug|x64.ActiveCfg = Debug|x64
		{C954A29F-8FB0-4A94-ADD5-2104413EE317}.Debug|x64.Build.0 = Debug|x64
		{C954A29F-8FB0-4A94-ADD5-2104413EE317}.Debug|x86.ActiveCfg = Debug|Win32
		{C954A29F-8FB0-4A94-ADD5-2104413EE317}.Debug|x86.Build.0 = Debug|Win32
		{C954A29F-8FB0-4A94-ADD5-2104413EE317}.Release|x64.ActiveCfg = Release|x64
		{C954A29F-8FB0-4A94-ADD5-2104413EE317}.Release|x64.Build.0 = Release|x64
		{C954A29F-8FB0-4A94-ADD5-2104413EE317}.Release|x86.ActiveCfg = Release|Win32
		{C954A29F-8FB0-4A94-ADD5-2104413EE317}.Release|x86.Build.0 = Release|Win32
		{F5F0E22D-9DA8-4109-99FF-3400197C2FE7}.Debug|x64.ActiveCfg = Debug|x64
		{F5F0E22D-9DA8-4109-99FF-3400197C2FE7}.Debug|x64.Build.0 = Debug|x64
		{F5F0E22D-9DA8-4109-99FF-3400197C2FE7}.Debug|x86.ActiveCfg = Debug|Win32
		{F5F0E22D-9DA8-4109-99FF-3400197C2FE7}.Debug|x86.Build.0 = Debug|Win32
		{F5F0E22D-9DA8-4109-99FF-3400197C2FE7}.Release|x64.ActiveCfg = Release|x64
		{F5F0E22D-9DA8-4109-99FF-3400197C2FE7}.Release|x64.Build.0 = Release|x64
		{F5F0E22D-9DA8-4109-99FF-3400197C2FE7}.Release|x86.ActiveCfg = Release|Win32
		{F5F0E22D-9DA8-4109-99FF-3400197C2FE7}.Release|x86.Build.0 = Release|Win32
	EndGlobalSection
	GlobalSection(SolutionProperties) = preSolution
		HideSolutionNode = FALSE
	EndGlobalSection
EndGlobal
